
Microsoft Visual Studio Solution File, Format Version 12.00
# Visual Studio 2012
Project("{FAE04EC0-301F-11D3-BF4B-00C04F79EFBC}") = "RealtimeDiagram", "RealtimeDiagram\RealtimeDiagram.csproj", "{B2487C19-9201-4071-908F-242C4838CB92}"
EndProject
Global
	GlobalSection(SolutionConfigurationPlatforms) = preSolution
		Debug|Any CPU = Debug|Any CPU
		Release|Any CPU = Release|Any CPU
	EndGlobalSection
	GlobalSection(ProjectConfigurationPlatforms) = postSolution
		{B2487C19-9201-4071-908F-242C4838CB92}.Debug|Any CPU.ActiveCfg = Debug|Any CPU
		{B2487C19-9201-4071-908F-242C4838CB92}.Debug|Any CPU.Build.0 = Debug|Any CPU
		{B2487C19-9201-4071-908F-242C4838CB92}.Release|Any CPU.ActiveCfg = Release|Any CPU
		{B2487C19-9201-4071-908F-242C4838CB92}.Release|Any CPU.Build.0 = Release|Any CPU
	EndGlobalSection
	GlobalSection(SolutionProperties) = preSolution
		HideSolutionNode = FALSE
	EndGlobalSection
EndGlobal
